// !$*UTF8*$!
{
	archiveVersion = 1;
	classes = {
	};
	objectVersion = 46;
	objects = {

/* Begin PBXBuildFile section */
		F24E81451E54B11F00E88201 /* AppDelegate.swift in Sources */ = {isa = PBXBuildFile; fileRef = F24E81441E54B11F00E88201 /* AppDelegate.swift */; };
		F24E81471E54B11F00E88201 /* ViewController.swift in Sources */ = {isa = PBXBuildFile; fileRef = F24E81461E54B11F00E88201 /* ViewController.swift */; };
		F24E814A1E54B11F00E88201 /* Main.storyboard in Resources */ = {isa = PBXBuildFile; fileRef = F24E81481E54B11F00E88201 /* Main.storyboard */; };
		F24E814C1E54B11F00E88201 /* Assets.xcassets in Resources */ = {isa = PBXBuildFile; fileRef = F24E814B1E54B11F00E88201 /* Assets.xcassets */; };
		F24E814F1E54B11F00E88201 /* LaunchScreen.storyboard in Resources */ = {isa = PBXBuildFile; fileRef = F24E814D1E54B11F00E88201 /* LaunchScreen.storyboard */; };
		F24E81591E54B62E00E88201 /* LineView.swift in Sources */ = {isa = PBXBuildFile; fileRef = F24E81581E54B62E00E88201 /* LineView.swift */; };
		F24E815B1E54B65500E88201 /* Line.swift in Sources */ = {isa = PBXBuildFile; fileRef = F24E815A1E54B65500E88201 /* Line.swift */; };
		F24E815D1E55318500E88201 /* CanvasView.swift in Sources */ = {isa = PBXBuildFile; fileRef = F24E815C1E55318500E88201 /* CanvasView.swift */; };
/* End PBXBuildFile section */

/* Begin PBXFileReference section */
		F24E81411E54B11F00E88201 /* Lab3.app */ = {isa = PBXFileReference; explicitFileType = wrapper.application; includeInIndex = 0; path = Lab3.app; sourceTree = BUILT_PRODUCTS_DIR; };
		F24E81441E54B11F00E88201 /* AppDelegate.swift */ = {isa = PBXFileReference; lastKnownFileType = sourcecode.swift; path = AppDelegate.swift; sourceTree = "<group>"; };
		F24E81461E54B11F00E88201 /* ViewController.swift */ = {isa = PBXFileReference; lastKnownFileType = sourcecode.swift; path = ViewController.swift; sourceTree = "<group>"; };
		F24E81491E54B11F00E88201 /* Base */ = {isa = PBXFileReference; lastKnownFileType = file.storyboard; name = Base; path = Base.lproj/Main.storyboard; sourceTree = "<group>"; };
		F24E814B1E54B11F00E88201 /* Assets.xcassets */ = {isa = PBXFileReference; lastKnownFileType = folder.assetcatalog; path = Assets.xcassets; sourceTree = "<group>"; };
		F24E814E1E54B11F00E88201 /* Base */ = {isa = PBXFileReference; lastKnownFileType = file.storyboard; name = Base; path = Base.lproj/LaunchScreen.storyboard; sourceTree = "<group>"; };
		F24E81501E54B11F00E88201 /* Info.plist */ = {isa = PBXFileReference; lastKnownFileType = text.plist.xml; path = Info.plist; sourceTree = "<group>"; };
		F24E81581E54B62E00E88201 /* LineView.swift */ = {isa = PBXFileReference; fileEncoding = 4; lastKnownFileType = sourcecode.swift; path = LineView.swift; sourceTree = "<group>"; };
		F24E815A1E54B65500E88201 /* Line.swift */ = {isa = PBXFileReference; fileEncoding = 4; lastKnownFileType = sourcecode.swift; path = Line.swift; sourceTree = "<group>"; };
		F24E815C1E55318500E88201 /* CanvasView.swift */ = {isa = PBXFileReference; fileEncoding = 4; lastKnownFileType = sourcecode.swift; path = CanvasView.swift; sourceTree = "<group>"; };
/* End PBXFileReference section */

/* Begin PBXFrameworksBuildPhase section */
		F24E813E1E54B11F00E88201 /* Frameworks */ = {
			isa = PBXFrameworksBuildPhase;
			buildActionMask = 2147483647;
			files = (
			);
			runOnlyForDeploymentPostprocessing = 0;
		};
/* End PBXFrameworksBuildPhase section */

/* Begin PBXGroup section */
		F24E81381E54B11F00E88201 = {
			isa = PBXGroup;
			children = (
				F24E81431E54B11F00E88201 /* Lab3 */,
				F24E81421E54B11F00E88201 /* Products */,
			);
			sourceTree = "<group>";
		};
		F24E81421E54B11F00E88201 /* Products */ = {
			isa = PBXGroup;
			children = (
				F24E81411E54B11F00E88201 /* Lab3.app */,
			);
			name = Products;
			sourceTree = "<group>";
		};
		F24E81431E54B11F00E88201 /* Lab3 */ = {
			isa = PBXGroup;
			children = (
				F24E81441E54B11F00E88201 /* AppDelegate.swift */,
				F24E81461E54B11F00E88201 /* ViewController.swift */,
				F24E81481E54B11F00E88201 /* Main.storyboard */,
				F24E814B1E54B11F00E88201 /* Assets.xcassets */,
				F24E814D1E54B11F00E88201 /* LaunchScreen.storyboard */,
				F24E81501E54B11F00E88201 /* Info.plist */,
				F24E81581E54B62E00E88201 /* LineView.swift */,
				F24E815A1E54B65500E88201 /* Line.swift */,
				F24E815C1E55318500E88201 /* CanvasView.swift */,
			);
			path = Lab3;
			sourceTree = "<group>";
		};
/* End PBXGroup section */

/* Begin PBXNativeTarget section */
		F24E81401E54B11F00E88201 /* Lab3 */ = {
			isa = PBXNativeTarget;
			buildConfigurationList = F24E81531E54B11F00E88201 /* Build configuration list for PBXNativeTarget "Lab3" */;
			buildPhases = (
				F24E813D1E54B11F00E88201 /* Sources */,
				F24E813E1E54B11F00E88201 /* Frameworks */,
				F24E813F1E54B11F00E88201 /* Resources */,
			);
			buildRules = (
			);
			dependencies = (
			);
			name = Lab3;
			productName = Lab3;
			productReference = F24E81411E54B11F00E88201 /* Lab3.app */;
			productType = "com.apple.product-type.application";
		};
/* End PBXNativeTarget section */

/* Begin PBXProject section */
		F24E81391E54B11F00E88201 /* Project object */ = {
			isa = PBXProject;
			attributes = {
				LastSwiftUpdateCheck = 0820;
				LastUpgradeCheck = 0820;
				ORGANIZATIONNAME = sirdas;
				TargetAttributes = {
					F24E81401E54B11F00E88201 = {
						CreatedOnToolsVersion = 8.2.1;
						ProvisioningStyle = Automatic;
					};
				};
			};
			buildConfigurationList = F24E813C1E54B11F00E88201 /* Build configuration list for PBXProject "Lab3" */;
			compatibilityVersion = "Xcode 3.2";
			developmentRegion = English;
			hasScannedForEncodings = 0;
			knownRegions = (
				en,
				Base,
			);
			mainGroup = F24E81381E54B11F00E88201;
			productRefGroup = F24E81421E54B11F00E88201 /* Products */;
			projectDirPath = "";
			projectRoot = "";
			targets = (
				F24E81401E54B11F00E88201 /* Lab3 */,
			);
		};
/* End PBXProject section */

/* Begin PBXResourcesBuildPhase section */
		F24E813F1E54B11F00E88201 /* Resources */ = {
			isa = PBXResourcesBuildPhase;
			buildActionMask = 2147483647;
			files = (
				F24E814F1E54B11F00E88201 /* LaunchScreen.storyboard in Resources */,
				F24E814C1E54B11F00E88201 /* Assets.xcassets in Resources */,
				F24E814A1E54B11F00E88201 /* Main.storyboard in Resources */,
			);
			runOnlyForDeploymentPostprocessing = 0;
		};
/* End PBXResourcesBuildPhase section */

/* Begin PBXSourcesBuildPhase section */
		F24E813D1E54B11F00E88201 /* Sources */ = {
			isa = PBXSourcesBuildPhase;
			buildActionMask = 2147483647;
			files = (
				F24E81591E54B62E00E88201 /* LineView.swift in Sources */,
				F24E81471E54B11F00E88201 /* ViewController.swift in Sources */,
				F24E815D1E55318500E88201 /* CanvasView.swift in Sources */,
				F24E81451E54B11F00E88201 /* AppDelegate.swift in Sources */,
				F24E815B1E54B65500E88201 /* Line.swift in Sources */,
			);
			runOnlyForDeploymentPostprocessing = 0;
		};
/* End PBXSourcesBuildPhase section */

/* Begin PBXVariantGroup section */
		F24E81481E54B11F00E88201 /* Main.storyboard */ = {
			isa = PBXVariantGroup;
			children = (
				F24E81491E54B11F00E88201 /* Base */,
			);
			name = Main.storyboard;
			sourceTree = "<group>";
		};
		F24E814D1E54B11F00E88201 /* LaunchScreen.storyboard */ = {
			isa = PBXVariantGroup;
			children = (
				F24E814E1E54B11F00E88201 /* Base */,
			);
			name = LaunchScreen.storyboard;
			sourceTree = "<group>";
		};
/* End PBXVariantGroup section */

/* Begin XCBuildConfiguration section */
		F24E81511E54B11F00E88201 /* Debug */ = {
			isa = XCBuildConfiguration;
			buildSettings = {
				ALWAYS_SEARCH_USER_PATHS = NO;
				CLANG_ANALYZER_NONNULL = YES;
				CLANG_CXX_LANGUAGE_STANDARD = "gnu++0x";
				CLANG_CXX_LIBRARY = "libc++";
				CLANG_ENABLE_MODULES = YES;
				CLANG_ENABLE_OBJC_ARC = YES;
				CLANG_WARN_BOOL_CONVERSION = YES;
				CLANG_WARN_CONSTANT_CONVERSION = YES;
				CLANG_WARN_DIRECT_OBJC_ISA_USAGE = YES_ERROR;
				CLANG_WARN_DOCUMENTATION_COMMENTS = YES;
				CLANG_WARN_EMPTY_BODY = YES;
				CLANG_WARN_ENUM_CONVERSION = YES;
				CLANG_WARN_INFINITE_RECURSION = YES;
				CLANG_WARN_INT_CONVERSION = YES;
				CLANG_WARN_OBJC_ROOT_CLASS = YES_ERROR;
				CLANG_WARN_SUSPICIOUS_MOVE = YES;
				CLANG_WARN_UNREACHABLE_CODE = YES;
				CLANG_WARN__DUPLICATE_METHOD_MATCH = YES;
				"CODE_SIGN_IDENTITY[sdk=iphoneos*]" = "iPhone Developer";
				COPY_PHASE_STRIP = NO;
				DEBUG_INFORMATION_FORMAT = dwarf;
				ENABLE_STRICT_OBJC_MSGSEND = YES;
				ENABLE_TESTABILITY = YES;
				GCC_C_LANGUAGE_STANDARD = gnu99;
				GCC_DYNAMIC_NO_PIC = NO;
				GCC_NO_COMMON_BLOCKS = YES;
				GCC_OPTIMIZATION_LEVEL = 0;
				GCC_PREPROCESSOR_DEFINITIONS = (
					"DEBUG=1",
					"$(inherited)",
				);
				GCC_WARN_64_TO_32_BIT_CONVERSION = YES;
				GCC_WARN_ABOUT_RETURN_TYPE = YES_ERROR;
				GCC_WARN_UNDECLARED_SELECTOR = YES;
				GCC_WARN_UNINITIALIZED_AUTOS = YES_AGGRESSIVE;
				GCC_WARN_UNUSED_FUNCTION = YES;
				GCC_WARN_UNUSED_VARIABLE = YES;
				IPHONEOS_DEPLOYMENT_TARGET = 10.2;
				MTL_ENABLE_DEBUG_INFO = YES;
				ONLY_ACTIVE_ARCH = YES;
				SDKROOT = iphoneos;
				SWIFT_ACTIVE_COMPILATION_CONDITIONS = DEBUG;
				SWIFT_OPTIMIZATION_LEVEL = "-Onone";
			};
			name = Debug;
		};
		F24E81521E54B11F00E88201 /* Release */ = {
			isa = XCBuildConfiguration;
			buildSettings = {
				ALWAYS_SEARCH_USER_PATHS = NO;
				CLANG_ANALYZER_NONNULL = YES;
				CLANG_CXX_LANGUAGE_STANDARD = "gnu++0x";
				CLANG_CXX_LIBRARY = "libc++";
				CLANG_ENABLE_MODULES = YES;
				CLANG_ENABLE_OBJC_ARC = YES;
				CLANG_WARN_BOOL_CONVERSION = YES;
				CLANG_WARN_CONSTANT_CONVERSION = YES;
				CLANG_WARN_DIRECT_OBJC_ISA_USAGE = YES_ERROR;
				CLANG_WARN_DOCUMENTATION_COMMENTS = YES;
				CLANG_WARN_EMPTY_BODY = YES;
				CLANG_WARN_ENUM_CONVERSION = YES;
				CLANG_WARN_INFINITE_RECURSION = YES;
				CLANG_WARN_INT_CONVERSION = YES;
				CLANG_WARN_OBJC_ROOT_CLASS = YES_ERROR;
				CLANG_WARN_SUSPICIOUS_MOVE = YES;
				CLANG_WARN_UNREACHABLE_CODE = YES;
				CLANG_WARN__DUPLICATE_METHOD_MATCH = YES;
				"CODE_SIGN_IDENTITY[sdk=iphoneos*]" = "iPhone Developer";
				COPY_PHASE_STRIP = NO;
				DEBUG_INFORMATION_FORMAT = "dwarf-with-dsym";
				ENABLE_NS_ASSERTIONS = NO;
				ENABLE_STRICT_OBJC_MSGSEND = YES;
				GCC_C_LANGUAGE_STANDARD = gnu99;
				GCC_NO_COMMON_BLOCKS = YES;
				GCC_WARN_64_TO_32_BIT_CONVERSION = YES;
				GCC_WARN_ABOUT_RETURN_TYPE = YES_ERROR;
				GCC_WARN_UNDECLARED_SELECTOR = YES;
				GCC_WARN_UNINITIALIZED_AUTOS = YES_AGGRESSIVE;
				GCC_WARN_UNUSED_FUNCTION = YES;
				GCC_WARN_UNUSED_VARIABLE = YES;
				IPHONEOS_DEPLOYMENT_TARGET = 10.2;
				MTL_ENABLE_DEBUG_INFO = NO;
				SDKROOT = iphoneos;
				SWIFT_OPTIMIZATION_LEVEL = "-Owholemodule";
				VALIDATE_PRODUCT = YES;
			};
			name = Release;
		};
		F24E81541E54B11F00E88201 /* Debug */ = {
			isa = XCBuildConfiguration;
			buildSettings = {
				ASSETCATALOG_COMPILER_APPICON_NAME = AppIcon;
				INFOPLIST_FILE = Lab3/Info.plist;
				LD_RUNPATH_SEARCH_PATHS = "$(inherited) @executable_path/Frameworks";
				PRODUCT_BUNDLE_IDENTIFIER = com.sirdas.Lab3;
				PRODUCT_NAME = "$(TARGET_NAME)";
				SWIFT_VERSION = 3.0;
			};
			name = Debug;
		};
		F24E81551E54B11F00E88201 /* Release */ = {
			isa = XCBuildConfiguration;
			buildSettings = {
				ASSETCATALOG_COMPILER_APPICON_NAME = AppIcon;
				INFOPLIST_FILE = Lab3/Info.plist;
				LD_RUNPATH_SEARCH_PATHS = "$(inherited) @executable_path/Frameworks";
				PRODUCT_BUNDLE_IDENTIFIER = com.sirdas.Lab3;
				PRODUCT_NAME = "$(TARGET_NAME)";
				SWIFT_VERSION = 3.0;
			};
			name = Release;
		};
/* End XCBuildConfiguration section */

/* Begin XCConfigurationList section */
		F24E813C1E54B11F00E88201 /* Build configuration list for PBXProject "Lab3" */ = {
			isa = XCConfigurationList;
			buildConfigurations = (
				F24E81511E54B11F00E88201 /* Debug */,
				F24E81521E54B11F00E88201 /* Release */,
			);
			defaultConfigurationIsVisible = 0;
			defaultConfigurationName = Release;
		};
		F24E81531E54B11F00E88201 /* Build configuration list for PBXNativeTarget "Lab3" */ = {
			isa = XCConfigurationList;
			buildConfigurations = (
				F24E81541E54B11F00E88201 /* Debug */,
				F24E81551E54B11F00E88201 /* Release */,
			);
			defaultConfigurationIsVisible = 0;
		};
/* End XCConfigurationList section */
	};
	rootObject = F24E81391E54B11F00E88201 /* Project object */;
}
